
Microsoft Visual Studio Solution File, Format Version 12.00
# Visual Studio Version 17
VisualStudioVersion = 17.0.31903.59
MinimumVisualStudioVersion = 10.0.40219.1
Project("{2150E333-8FDC-42A3-9474-1A3956D46DE8}") = "Root", "Root", "{F4B78CA0-7DAD-48D0-9DDE-8EA5F0E6061E}"
	ProjectSection(SolutionItems) = preProject
		.gitignore = .gitignore
		LICENSE.md = LICENSE.md
		README.md = README.md
		.github\workflows\package.yml = .github\workflows\package.yml
	EndProjectSection
EndProject
Project("{2150E333-8FDC-42A3-9474-1A3956D46DE8}") = "src", "src", "{6AB181C5-92BE-45CB-890F-EF6B60BBA7C0}"
EndProject
Project("{2150E333-8FDC-42A3-9474-1A3956D46DE8}") = "tests", "tests", "{0F532F72-A704-49C6-9346-2C220B432FD1}"
EndProject
Project("{2150E333-8FDC-42A3-9474-1A3956D46DE8}") = "common", "common", "{6A1407C5-B5D2-4651-ADE0-36CAE2C4F66E}"
EndProject
Project("{2150E333-8FDC-42A3-9474-1A3956D46DE8}") = "server", "server", "{98CA1DD8-3351-4E7F-9D2A-3BECEBEC95C6}"
EndProject
Project("{2150E333-8FDC-42A3-9474-1A3956D46DE8}") = "services", "services", "{35AF5316-3D66-4671-8BDE-3451123AE7EA}"
EndProject
Project("{2150E333-8FDC-42A3-9474-1A3956D46DE8}") = "storage", "storage", "{7965A9BD-51D3-44DB-80FC-33F5E7E55F03}"
EndProject
Project("{2150E333-8FDC-42A3-9474-1A3956D46DE8}") = "common", "common", "{42E43ECE-4D45-4B12-801C-6588A28803C6}"
EndProject
Project("{2150E333-8FDC-42A3-9474-1A3956D46DE8}") = "server", "server", "{E8AB8051-B88A-4199-B0C6-B8A976121FBD}"
EndProject
Project("{2150E333-8FDC-42A3-9474-1A3956D46DE8}") = "services", "services", "{25A82547-1D1F-4416-8782-AEED31D97038}"
EndProject
Project("{FAE04EC0-301F-11D3-BF4B-00C04F79EFBC}") = "Voxta.Core.Tests", "tests\common\Voxta.Core.Tests\Voxta.Core.Tests.csproj", "{92BBD2EE-6FF3-42AA-BCCE-6736C8EB6B9D}"
EndProject
Project("{FAE04EC0-301F-11D3-BF4B-00C04F79EFBC}") = "Voxta.Common.Tests", "tests\common\Voxta.Common.Tests\Voxta.Common.Tests.csproj", "{22171292-BBAB-4219-87DB-A5EDE7E58706}"
EndProject
Project("{FAE04EC0-301F-11D3-BF4B-00C04F79EFBC}") = "Voxta.Abstractions", "src\common\Voxta.Abstractions\Voxta.Abstractions.csproj", "{C6DD9D88-237E-48DD-8834-FC38C316E5B2}"
EndProject
Project("{FAE04EC0-301F-11D3-BF4B-00C04F79EFBC}") = "Voxta.Common", "src\common\Voxta.Common\Voxta.Common.csproj", "{C8F2DE85-E053-4B2C-9EEA-EB51C31B63FC}"
EndProject
Project("{FAE04EC0-301F-11D3-BF4B-00C04F79EFBC}") = "Voxta.Core", "src\common\Voxta.Core\Voxta.Core.csproj", "{481BD059-B89F-4613-9ED5-0A4159D720A1}"
EndProject
Project("{FAE04EC0-301F-11D3-BF4B-00C04F79EFBC}") = "Voxta.Server", "src\server\Voxta.Server\Voxta.Server.csproj", "{3EAAB79D-4A60-408E-A86D-80B4341133FC}"
EndProject
Project("{FAE04EC0-301F-11D3-BF4B-00C04F79EFBC}") = "Voxta.Services.ElevenLabs", "src\services\Voxta.Services.ElevenLabs\Voxta.Services.ElevenLabs.csproj", "{984AC35B-527F-435B-8C0B-C1F78BA7CEDB}"
EndProject
Project("{FAE04EC0-301F-11D3-BF4B-00C04F79EFBC}") = "Voxta.Services.Fakes", "src\services\Voxta.Services.Fakes\Voxta.Services.Fakes.csproj", "{D18C6462-8196-408B-9032-5B142DAB51D6}"
EndProject
Project("{FAE04EC0-301F-11D3-BF4B-00C04F79EFBC}") = "Voxta.Services.KoboldAI", "src\services\Voxta.Services.KoboldAI\Voxta.Services.KoboldAI.csproj", "{6FC0F360-FCE1-41AD-8087-6555D518964B}"
EndProject
Project("{FAE04EC0-301F-11D3-BF4B-00C04F79EFBC}") = "Voxta.Services.NAudio", "src\services\Voxta.Services.NAudio\Voxta.Services.NAudio.csproj", "{A335C3C5-6F71-45A5-8F8F-A7C72F8B117A}"
EndProject
Project("{FAE04EC0-301F-11D3-BF4B-00C04F79EFBC}") = "Voxta.Services.NovelAI", "src\services\Voxta.Services.NovelAI\Voxta.Services.NovelAI.csproj", "{AB460B26-A7E5-48D2-B09A-1F0436F672BE}"
EndProject
Project("{FAE04EC0-301F-11D3-BF4B-00C04F79EFBC}") = "Voxta.Services.Oobabooga", "src\services\Voxta.Services.Oobabooga\Voxta.Services.Oobabooga.csproj", "{02F50778-D2B9-4FBE-992E-AEF85BA20CFC}"
EndProject
Project("{FAE04EC0-301F-11D3-BF4B-00C04F79EFBC}") = "Voxta.Services.OpenAI", "src\services\Voxta.Services.OpenAI\Voxta.Services.OpenAI.csproj", "{702A913C-80EE-4DC8-AAAF-BA9AB5C17003}"
EndProject
Project("{FAE04EC0-301F-11D3-BF4B-00C04F79EFBC}") = "Voxta.Services.Vosk", "src\services\Voxta.Services.Vosk\Voxta.Services.Vosk.csproj", "{F7CCAE74-1905-4B23-85CF-B5EC34D9D1A4}"
EndProject
Project("{FAE04EC0-301F-11D3-BF4B-00C04F79EFBC}") = "Voxta.Data.LiteDB", "src\storage\Voxta.Data.LiteDB\Voxta.Data.LiteDB.csproj", "{347F0F8B-3E49-4D65-84C3-70C16D27BCBA}"
EndProject
Project("{FAE04EC0-301F-11D3-BF4B-00C04F79EFBC}") = "Voxta.Server.Tests", "tests\server\Voxta.Server.Tests\Voxta.Server.Tests.csproj", "{FD6B6245-3ECC-4AC7-9F5E-CB7C5948AB9E}"
EndProject
Project("{FAE04EC0-301F-11D3-BF4B-00C04F79EFBC}") = "Voxta.Services.NAudio.Tests", "tests\services\Voxta.Services.NAudio.Tests\Voxta.Services.NAudio.Tests.csproj", "{8C666CBD-3D57-4F44-9E05-C58E263A063B}"
EndProject
Project("{FAE04EC0-301F-11D3-BF4B-00C04F79EFBC}") = "Voxta.Services.OpenAI.Tests", "tests\services\Voxta.Services.OpenAI.Tests\Voxta.Services.OpenAI.Tests.csproj", "{69208DAB-D08C-4ED0-8ADC-A0D77935319F}"
EndProject
Project("{FAE04EC0-301F-11D3-BF4B-00C04F79EFBC}") = "Voxta.Host.AspNetCore.WebSockets", "src\server\Voxta.Host.AspNetCore.WebSockets\Voxta.Host.AspNetCore.WebSockets.csproj", "{F90E0F15-EC70-40D6-B906-804F0CCA473D}"
EndProject
Project("{FAE04EC0-301F-11D3-BF4B-00C04F79EFBC}") = "Voxta.Characters", "src\common\Voxta.Characters\Voxta.Characters.csproj", "{BDD9D840-C2DE-4E0C-8870-5406516EFD51}"
EndProject
Project("{FAE04EC0-301F-11D3-BF4B-00C04F79EFBC}") = "Voxta.Services.Azure.SpeechService", "src\services\Voxta.Services.Azure.SpeechService\Voxta.Services.Azure.SpeechService.csproj", "{58DF030C-EB9C-48E3-A1C2-7466D5AEC431}"
EndProject
Project("{2150E333-8FDC-42A3-9474-1A3956D46DE8}") = "desktop", "desktop", "{8E3FA0CF-0C95-4A5A-8739-971BF8365BC7}"
EndProject
Project("{FAE04EC0-301F-11D3-BF4B-00C04F79EFBC}") = "Voxta.DesktopApp", "src\desktop\Voxta.DesktopApp\Voxta.DesktopApp.csproj", "{814DD6B7-F982-4D3A-95E2-BFB9D5DEED14}"
EndProject
Project("{FAE04EC0-301F-11D3-BF4B-00C04F79EFBC}") = "Voxta.Services.NovelAI.Tests", "tests\services\Voxta.Services.NovelAI.Tests\Voxta.Services.NovelAI.Tests.csproj", "{4B79B3F8-C99F-4AE7-A2E0-F2C4984E23DF}"
EndProject
Project("{2150E333-8FDC-42A3-9474-1A3956D46DE8}") = "shared", "shared", "{09000B64-ABEE-4F4C-B6ED-83091F59EA05}"
EndProject
Project("{FAE04EC0-301F-11D3-BF4B-00C04F79EFBC}") = "Voxta.Shared.LargeLanguageModelsUtils", "src\shared\Voxta.Shared.LargeLanguageModelsUtils\Voxta.Shared.LargeLanguageModelsUtils.csproj", "{DF14CAA7-732C-40DC-B5DA-0C858BBE0FE9}"
EndProject
Project("{2150E333-8FDC-42A3-9474-1A3956D46DE8}") = "shared", "shared", "{3D101AAD-8BB5-4177-90A3-274CFCB812F0}"
EndProject
Project("{FAE04EC0-301F-11D3-BF4B-00C04F79EFBC}") = "Voxta.Shared.OpenSourceLargeLanguageModels.Tests", "tests\shared\Voxta.Shared.OpenSourceLargeLanguageModels.Tests\Voxta.Shared.OpenSourceLargeLanguageModels.Tests.csproj", "{5D1357A4-2682-4ACE-8CAC-9D31D3B62429}"
EndProject
Project("{FAE04EC0-301F-11D3-BF4B-00C04F79EFBC}") = "Voxta.Shared.TextToSpeechUtils", "src\shared\Voxta.Shared.TextToSpeechUtils\Voxta.Shared.TextToSpeechUtils.csproj", "{ADA99E97-31DE-4DFA-AF1F-3FA1189B484B}"
EndProject
Project("{FAE04EC0-301F-11D3-BF4B-00C04F79EFBC}") = "Voxta.Shared.TextToSpeechUtils.Tests", "tests\shared\Voxta.Shared.TextToSpeechUtils.Tests\Voxta.Shared.TextToSpeechUtils.Tests.csproj", "{2D5A5653-A22B-4E12-AB90-C053732BBF58}"
EndProject
Global
	GlobalSection(SolutionConfigurationPlatforms) = preSolution
		Debug|Any CPU = Debug|Any CPU
		Release|Any CPU = Release|Any CPU
	EndGlobalSection
	GlobalSection(SolutionProperties) = preSolution
		HideSolutionNode = FALSE
	EndGlobalSection
	GlobalSection(ProjectConfigurationPlatforms) = postSolution
		{92BBD2EE-6FF3-42AA-BCCE-6736C8EB6B9D}.Debug|Any CPU.ActiveCfg = Debug|Any CPU
		{92BBD2EE-6FF3-42AA-BCCE-6736C8EB6B9D}.Debug|Any CPU.Build.0 = Debug|Any CPU
		{92BBD2EE-6FF3-42AA-BCCE-6736C8EB6B9D}.Release|Any CPU.ActiveCfg = Release|Any CPU
		{92BBD2EE-6FF3-42AA-BCCE-6736C8EB6B9D}.Release|Any CPU.Build.0 = Release|Any CPU
		{22171292-BBAB-4219-87DB-A5EDE7E58706}.Debug|Any CPU.ActiveCfg = Debug|Any CPU
		{22171292-BBAB-4219-87DB-A5EDE7E58706}.Debug|Any CPU.Build.0 = Debug|Any CPU
		{22171292-BBAB-4219-87DB-A5EDE7E58706}.Release|Any CPU.ActiveCfg = Release|Any CPU
		{22171292-BBAB-4219-87DB-A5EDE7E58706}.Release|Any CPU.Build.0 = Release|Any CPU
		{C6DD9D88-237E-48DD-8834-FC38C316E5B2}.Debug|Any CPU.ActiveCfg = Debug|Any CPU
		{C6DD9D88-237E-48DD-8834-FC38C316E5B2}.Debug|Any CPU.Build.0 = Debug|Any CPU
		{C6DD9D88-237E-48DD-8834-FC38C316E5B2}.Release|Any CPU.ActiveCfg = Release|Any CPU
		{C6DD9D88-237E-48DD-8834-FC38C316E5B2}.Release|Any CPU.Build.0 = Release|Any CPU
		{C8F2DE85-E053-4B2C-9EEA-EB51C31B63FC}.Debug|Any CPU.ActiveCfg = Debug|Any CPU
		{C8F2DE85-E053-4B2C-9EEA-EB51C31B63FC}.Debug|Any CPU.Build.0 = Debug|Any CPU
		{C8F2DE85-E053-4B2C-9EEA-EB51C31B63FC}.Release|Any CPU.ActiveCfg = Release|Any CPU
		{C8F2DE85-E053-4B2C-9EEA-EB51C31B63FC}.Release|Any CPU.Build.0 = Release|Any CPU
		{481BD059-B89F-4613-9ED5-0A4159D720A1}.Debug|Any CPU.ActiveCfg = Debug|Any CPU
		{481BD059-B89F-4613-9ED5-0A4159D720A1}.Debug|Any CPU.Build.0 = Debug|Any CPU
		{481BD059-B89F-4613-9ED5-0A4159D720A1}.Release|Any CPU.ActiveCfg = Release|Any CPU
		{481BD059-B89F-4613-9ED5-0A4159D720A1}.Release|Any CPU.Build.0 = Release|Any CPU
		{3EAAB79D-4A60-408E-A86D-80B4341133FC}.Debug|Any CPU.ActiveCfg = Debug|Any CPU
		{3EAAB79D-4A60-408E-A86D-80B4341133FC}.Debug|Any CPU.Build.0 = Debug|Any CPU
		{3EAAB79D-4A60-408E-A86D-80B4341133FC}.Release|Any CPU.ActiveCfg = Release|Any CPU
		{3EAAB79D-4A60-408E-A86D-80B4341133FC}.Release|Any CPU.Build.0 = Release|Any CPU
		{984AC35B-527F-435B-8C0B-C1F78BA7CEDB}.Debug|Any CPU.ActiveCfg = Debug|Any CPU
		{984AC35B-527F-435B-8C0B-C1F78BA7CEDB}.Debug|Any CPU.Build.0 = Debug|Any CPU
		{984AC35B-527F-435B-8C0B-C1F78BA7CEDB}.Release|Any CPU.ActiveCfg = Release|Any CPU
		{984AC35B-527F-435B-8C0B-C1F78BA7CEDB}.Release|Any CPU.Build.0 = Release|Any CPU
		{D18C6462-8196-408B-9032-5B142DAB51D6}.Debug|Any CPU.ActiveCfg = Debug|Any CPU
		{D18C6462-8196-408B-9032-5B142DAB51D6}.Debug|Any CPU.Build.0 = Debug|Any CPU
		{D18C6462-8196-408B-9032-5B142DAB51D6}.Release|Any CPU.ActiveCfg = Release|Any CPU
		{D18C6462-8196-408B-9032-5B142DAB51D6}.Release|Any CPU.Build.0 = Release|Any CPU
		{6FC0F360-FCE1-41AD-8087-6555D518964B}.Debug|Any CPU.ActiveCfg = Debug|Any CPU
		{6FC0F360-FCE1-41AD-8087-6555D518964B}.Debug|Any CPU.Build.0 = Debug|Any CPU
		{6FC0F360-FCE1-41AD-8087-6555D518964B}.Release|Any CPU.ActiveCfg = Release|Any CPU
		{6FC0F360-FCE1-41AD-8087-6555D518964B}.Release|Any CPU.Build.0 = Release|Any CPU
		{A335C3C5-6F71-45A5-8F8F-A7C72F8B117A}.Debug|Any CPU.ActiveCfg = Debug|Any CPU
		{A335C3C5-6F71-45A5-8F8F-A7C72F8B117A}.Debug|Any CPU.Build.0 = Debug|Any CPU
		{A335C3C5-6F71-45A5-8F8F-A7C72F8B117A}.Release|Any CPU.ActiveCfg = Release|Any CPU
		{A335C3C5-6F71-45A5-8F8F-A7C72F8B117A}.Release|Any CPU.Build.0 = Release|Any CPU
		{AB460B26-A7E5-48D2-B09A-1F0436F672BE}.Debug|Any CPU.ActiveCfg = Debug|Any CPU
		{AB460B26-A7E5-48D2-B09A-1F0436F672BE}.Debug|Any CPU.Build.0 = Debug|Any CPU
		{AB460B26-A7E5-48D2-B09A-1F0436F672BE}.Release|Any CPU.ActiveCfg = Release|Any CPU
		{AB460B26-A7E5-48D2-B09A-1F0436F672BE}.Release|Any CPU.Build.0 = Release|Any CPU
		{02F50778-D2B9-4FBE-992E-AEF85BA20CFC}.Debug|Any CPU.ActiveCfg = Debug|Any CPU
		{02F50778-D2B9-4FBE-992E-AEF85BA20CFC}.Debug|Any CPU.Build.0 = Debug|Any CPU
		{02F50778-D2B9-4FBE-992E-AEF85BA20CFC}.Release|Any CPU.ActiveCfg = Release|Any CPU
		{02F50778-D2B9-4FBE-992E-AEF85BA20CFC}.Release|Any CPU.Build.0 = Release|Any CPU
		{702A913C-80EE-4DC8-AAAF-BA9AB5C17003}.Debug|Any CPU.ActiveCfg = Debug|Any CPU
		{702A913C-80EE-4DC8-AAAF-BA9AB5C17003}.Debug|Any CPU.Build.0 = Debug|Any CPU
		{702A913C-80EE-4DC8-AAAF-BA9AB5C17003}.Release|Any CPU.ActiveCfg = Release|Any CPU
		{702A913C-80EE-4DC8-AAAF-BA9AB5C17003}.Release|Any CPU.Build.0 = Release|Any CPU
		{F7CCAE74-1905-4B23-85CF-B5EC34D9D1A4}.Debug|Any CPU.ActiveCfg = Debug|Any CPU
		{F7CCAE74-1905-4B23-85CF-B5EC34D9D1A4}.Debug|Any CPU.Build.0 = Debug|Any CPU
		{F7CCAE74-1905-4B23-85CF-B5EC34D9D1A4}.Release|Any CPU.ActiveCfg = Release|Any CPU
		{F7CCAE74-1905-4B23-85CF-B5EC34D9D1A4}.Release|Any CPU.Build.0 = Release|Any CPU
		{347F0F8B-3E49-4D65-84C3-70C16D27BCBA}.Debug|Any CPU.ActiveCfg = Debug|Any CPU
		{347F0F8B-3E49-4D65-84C3-70C16D27BCBA}.Debug|Any CPU.Build.0 = Debug|Any CPU
		{347F0F8B-3E49-4D65-84C3-70C16D27BCBA}.Release|Any CPU.ActiveCfg = Release|Any CPU
		{347F0F8B-3E49-4D65-84C3-70C16D27BCBA}.Release|Any CPU.Build.0 = Release|Any CPU
		{FD6B6245-3ECC-4AC7-9F5E-CB7C5948AB9E}.Debug|Any CPU.ActiveCfg = Debug|Any CPU
		{FD6B6245-3ECC-4AC7-9F5E-CB7C5948AB9E}.Debug|Any CPU.Build.0 = Debug|Any CPU
		{FD6B6245-3ECC-4AC7-9F5E-CB7C5948AB9E}.Release|Any CPU.ActiveCfg = Release|Any CPU
		{FD6B6245-3ECC-4AC7-9F5E-CB7C5948AB9E}.Release|Any CPU.Build.0 = Release|Any CPU
		{8C666CBD-3D57-4F44-9E05-C58E263A063B}.Debug|Any CPU.ActiveCfg = Debug|Any CPU
		{8C666CBD-3D57-4F44-9E05-C58E263A063B}.Debug|Any CPU.Build.0 = Debug|Any CPU
		{8C666CBD-3D57-4F44-9E05-C58E263A063B}.Release|Any CPU.ActiveCfg = Release|Any CPU
		{8C666CBD-3D57-4F44-9E05-C58E263A063B}.Release|Any CPU.Build.0 = Release|Any CPU
		{69208DAB-D08C-4ED0-8ADC-A0D77935319F}.Debug|Any CPU.ActiveCfg = Debug|Any CPU
		{69208DAB-D08C-4ED0-8ADC-A0D77935319F}.Debug|Any CPU.Build.0 = Debug|Any CPU
		{69208DAB-D08C-4ED0-8ADC-A0D77935319F}.Release|Any CPU.ActiveCfg = Release|Any CPU
		{69208DAB-D08C-4ED0-8ADC-A0D77935319F}.Release|Any CPU.Build.0 = Release|Any CPU
		{F90E0F15-EC70-40D6-B906-804F0CCA473D}.Debug|Any CPU.ActiveCfg = Debug|Any CPU
		{F90E0F15-EC70-40D6-B906-804F0CCA473D}.Debug|Any CPU.Build.0 = Debug|Any CPU
		{F90E0F15-EC70-40D6-B906-804F0CCA473D}.Release|Any CPU.ActiveCfg = Release|Any CPU
		{F90E0F15-EC70-40D6-B906-804F0CCA473D}.Release|Any CPU.Build.0 = Release|Any CPU
		{BDD9D840-C2DE-4E0C-8870-5406516EFD51}.Debug|Any CPU.ActiveCfg = Debug|Any CPU
		{BDD9D840-C2DE-4E0C-8870-5406516EFD51}.Debug|Any CPU.Build.0 = Debug|Any CPU
		{BDD9D840-C2DE-4E0C-8870-5406516EFD51}.Release|Any CPU.ActiveCfg = Release|Any CPU
		{BDD9D840-C2DE-4E0C-8870-5406516EFD51}.Release|Any CPU.Build.0 = Release|Any CPU
		{58DF030C-EB9C-48E3-A1C2-7466D5AEC431}.Debug|Any CPU.ActiveCfg = Debug|Any CPU
		{58DF030C-EB9C-48E3-A1C2-7466D5AEC431}.Debug|Any CPU.Build.0 = Debug|Any CPU
		{58DF030C-EB9C-48E3-A1C2-7466D5AEC431}.Release|Any CPU.ActiveCfg = Release|Any CPU
		{58DF030C-EB9C-48E3-A1C2-7466D5AEC431}.Release|Any CPU.Build.0 = Release|Any CPU
		{814DD6B7-F982-4D3A-95E2-BFB9D5DEED14}.Debug|Any CPU.ActiveCfg = Debug|Any CPU
		{814DD6B7-F982-4D3A-95E2-BFB9D5DEED14}.Debug|Any CPU.Build.0 = Debug|Any CPU
		{814DD6B7-F982-4D3A-95E2-BFB9D5DEED14}.Release|Any CPU.ActiveCfg = Release|Any CPU
		{814DD6B7-F982-4D3A-95E2-BFB9D5DEED14}.Release|Any CPU.Build.0 = Release|Any CPU
		{4B79B3F8-C99F-4AE7-A2E0-F2C4984E23DF}.Debug|Any CPU.ActiveCfg = Debug|Any CPU
		{4B79B3F8-C99F-4AE7-A2E0-F2C4984E23DF}.Debug|Any CPU.Build.0 = Debug|Any CPU
		{4B79B3F8-C99F-4AE7-A2E0-F2C4984E23DF}.Release|Any CPU.ActiveCfg = Release|Any CPU
		{4B79B3F8-C99F-4AE7-A2E0-F2C4984E23DF}.Release|Any CPU.Build.0 = Release|Any CPU
		{DF14CAA7-732C-40DC-B5DA-0C858BBE0FE9}.Debug|Any CPU.ActiveCfg = Debug|Any CPU
		{DF14CAA7-732C-40DC-B5DA-0C858BBE0FE9}.Debug|Any CPU.Build.0 = Debug|Any CPU
		{DF14CAA7-732C-40DC-B5DA-0C858BBE0FE9}.Release|Any CPU.ActiveCfg = Release|Any CPU
		{DF14CAA7-732C-40DC-B5DA-0C858BBE0FE9}.Release|Any CPU.Build.0 = Release|Any CPU
		{5D1357A4-2682-4ACE-8CAC-9D31D3B62429}.Debug|Any CPU.ActiveCfg = Debug|Any CPU
		{5D1357A4-2682-4ACE-8CAC-9D31D3B62429}.Debug|Any CPU.Build.0 = Debug|Any CPU
		{5D1357A4-2682-4ACE-8CAC-9D31D3B62429}.Release|Any CPU.ActiveCfg = Release|Any CPU
		{5D1357A4-2682-4ACE-8CAC-9D31D3B62429}.Release|Any CPU.Build.0 = Release|Any CPU
		{ADA99E97-31DE-4DFA-AF1F-3FA1189B484B}.Debug|Any CPU.ActiveCfg = Debug|Any CPU
		{ADA99E97-31DE-4DFA-AF1F-3FA1189B484B}.Debug|Any CPU.Build.0 = Debug|Any CPU
		{ADA99E97-31DE-4DFA-AF1F-3FA1189B484B}.Release|Any CPU.ActiveCfg = Release|Any CPU
		{ADA99E97-31DE-4DFA-AF1F-3FA1189B484B}.Release|Any CPU.Build.0 = Release|Any CPU
		{2D5A5653-A22B-4E12-AB90-C053732BBF58}.Debug|Any CPU.ActiveCfg = Debug|Any CPU
		{2D5A5653-A22B-4E12-AB90-C053732BBF58}.Debug|Any CPU.Build.0 = Debug|Any CPU
		{2D5A5653-A22B-4E12-AB90-C053732BBF58}.Release|Any CPU.ActiveCfg = Release|Any CPU
		{2D5A5653-A22B-4E12-AB90-C053732BBF58}.Release|Any CPU.Build.0 = Release|Any CPU
	EndGlobalSection
	GlobalSection(NestedProjects) = preSolution
		{6A1407C5-B5D2-4651-ADE0-36CAE2C4F66E} = {6AB181C5-92BE-45CB-890F-EF6B60BBA7C0}
		{98CA1DD8-3351-4E7F-9D2A-3BECEBEC95C6} = {6AB181C5-92BE-45CB-890F-EF6B60BBA7C0}
		{35AF5316-3D66-4671-8BDE-3451123AE7EA} = {6AB181C5-92BE-45CB-890F-EF6B60BBA7C0}
		{7965A9BD-51D3-44DB-80FC-33F5E7E55F03} = {6AB181C5-92BE-45CB-890F-EF6B60BBA7C0}
		{42E43ECE-4D45-4B12-801C-6588A28803C6} = {0F532F72-A704-49C6-9346-2C220B432FD1}
		{E8AB8051-B88A-4199-B0C6-B8A976121FBD} = {0F532F72-A704-49C6-9346-2C220B432FD1}
		{25A82547-1D1F-4416-8782-AEED31D97038} = {0F532F72-A704-49C6-9346-2C220B432FD1}
		{92BBD2EE-6FF3-42AA-BCCE-6736C8EB6B9D} = {42E43ECE-4D45-4B12-801C-6588A28803C6}
		{22171292-BBAB-4219-87DB-A5EDE7E58706} = {42E43ECE-4D45-4B12-801C-6588A28803C6}
		{C6DD9D88-237E-48DD-8834-FC38C316E5B2} = {6A1407C5-B5D2-4651-ADE0-36CAE2C4F66E}
		{C8F2DE85-E053-4B2C-9EEA-EB51C31B63FC} = {6A1407C5-B5D2-4651-ADE0-36CAE2C4F66E}
		{481BD059-B89F-4613-9ED5-0A4159D720A1} = {6A1407C5-B5D2-4651-ADE0-36CAE2C4F66E}
		{3EAAB79D-4A60-408E-A86D-80B4341133FC} = {98CA1DD8-3351-4E7F-9D2A-3BECEBEC95C6}
		{984AC35B-527F-435B-8C0B-C1F78BA7CEDB} = {35AF5316-3D66-4671-8BDE-3451123AE7EA}
		{D18C6462-8196-408B-9032-5B142DAB51D6} = {35AF5316-3D66-4671-8BDE-3451123AE7EA}
		{6FC0F360-FCE1-41AD-8087-6555D518964B} = {35AF5316-3D66-4671-8BDE-3451123AE7EA}
		{A335C3C5-6F71-45A5-8F8F-A7C72F8B117A} = {35AF5316-3D66-4671-8BDE-3451123AE7EA}
		{AB460B26-A7E5-48D2-B09A-1F0436F672BE} = {35AF5316-3D66-4671-8BDE-3451123AE7EA}
		{02F50778-D2B9-4FBE-992E-AEF85BA20CFC} = {35AF5316-3D66-4671-8BDE-3451123AE7EA}
		{702A913C-80EE-4DC8-AAAF-BA9AB5C17003} = {35AF5316-3D66-4671-8BDE-3451123AE7EA}
		{F7CCAE74-1905-4B23-85CF-B5EC34D9D1A4} = {35AF5316-3D66-4671-8BDE-3451123AE7EA}
		{347F0F8B-3E49-4D65-84C3-70C16D27BCBA} = {7965A9BD-51D3-44DB-80FC-33F5E7E55F03}
		{FD6B6245-3ECC-4AC7-9F5E-CB7C5948AB9E} = {E8AB8051-B88A-4199-B0C6-B8A976121FBD}
		{8C666CBD-3D57-4F44-9E05-C58E263A063B} = {25A82547-1D1F-4416-8782-AEED31D97038}
		{69208DAB-D08C-4ED0-8ADC-A0D77935319F} = {25A82547-1D1F-4416-8782-AEED31D97038}
		{F90E0F15-EC70-40D6-B906-804F0CCA473D} = {98CA1DD8-3351-4E7F-9D2A-3BECEBEC95C6}
		{BDD9D840-C2DE-4E0C-8870-5406516EFD51} = {6A1407C5-B5D2-4651-ADE0-36CAE2C4F66E}
		{58DF030C-EB9C-48E3-A1C2-7466D5AEC431} = {35AF5316-3D66-4671-8BDE-3451123AE7EA}
		{8E3FA0CF-0C95-4A5A-8739-971BF8365BC7} = {6AB181C5-92BE-45CB-890F-EF6B60BBA7C0}
		{814DD6B7-F982-4D3A-95E2-BFB9D5DEED14} = {8E3FA0CF-0C95-4A5A-8739-971BF8365BC7}
		{4B79B3F8-C99F-4AE7-A2E0-F2C4984E23DF} = {25A82547-1D1F-4416-8782-AEED31D97038}
		{09000B64-ABEE-4F4C-B6ED-83091F59EA05} = {6AB181C5-92BE-45CB-890F-EF6B60BBA7C0}
		{DF14CAA7-732C-40DC-B5DA-0C858BBE0FE9} = {09000B64-ABEE-4F4C-B6ED-83091F59EA05}
		{3D101AAD-8BB5-4177-90A3-274CFCB812F0} = {0F532F72-A704-49C6-9346-2C220B432FD1}
		{5D1357A4-2682-4ACE-8CAC-9D31D3B62429} = {3D101AAD-8BB5-4177-90A3-274CFCB812F0}
		{ADA99E97-31DE-4DFA-AF1F-3FA1189B484B} = {09000B64-ABEE-4F4C-B6ED-83091F59EA05}
		{2D5A5653-A22B-4E12-AB90-C053732BBF58} = {3D101AAD-8BB5-4177-90A3-274CFCB812F0}
	EndGlobalSection
EndGlobal
